
Microsoft Visual Studio Solution File, Format Version 12.00
# Visual Studio Version 16
VisualStudioVersion = 16.0.30907.101
MinimumVisualStudioVersion = 10.0.40219.1
Project("{9A19103F-16F7-4668-BE54-9A1E7A4F7556}") = "IfElse", "ConsoleApp3\IfElse.csproj", "{20817338-4FB8-4D8D-B74B-0515BD07B08E}"
EndProject
Project("{9A19103F-16F7-4668-BE54-9A1E7A4F7556}") = "Donguler", "Donguler\Donguler.csproj", "{891AD020-0D9D-4CDB-97A2-345E10ED31AF}"
EndProject
Project("{9A19103F-16F7-4668-BE54-9A1E7A4F7556}") = "Class_Yapisi", "Class_Yapisi\Class_Yapisi.csproj", "{861205DF-A3AA-4A50-B5EF-5F084E3C5375}"
EndProject
Project("{9A19103F-16F7-4668-BE54-9A1E7A4F7556}") = "ETicaretOdevi", "eTicaretOdevi\ETicaretOdevi.csproj", "{CBA36F65-6140-4A5F-B4DD-681285E14366}"
EndProject
Project("{9A19103F-16F7-4668-BE54-9A1E7A4F7556}") = "Metotlar", "Metotlar\Metotlar.csproj", "{38090748-148C-4134-9FD3-E427D64AA5B4}"
EndProject
Project("{9A19103F-16F7-4668-BE54-9A1E7A4F7556}") = "Matematik", "Matematik\Matematik.csproj", "{A416C177-9E7E-489A-B0B7-7F26881747E9}"
EndProject
Project("{9A19103F-16F7-4668-BE54-9A1E7A4F7556}") = "DegerVeReferansTipler", "DegerVeReferansTipler\DegerVeReferansTipler.csproj", "{1275BBDC-655E-4D30-9C15-15DEBE47D394}"
EndProject
Project("{9A19103F-16F7-4668-BE54-9A1E7A4F7556}") = "Methods", "Methods\Methods.csproj", "{C8CC8C2C-1EA5-4B26-BD5D-24C07E6C284D}"
EndProject
Project("{9A19103F-16F7-4668-BE54-9A1E7A4F7556}") = "RefOut", "RefOut\RefOut.csproj", "{11CDF163-3B7A-4B7D-9E6D-877C4CD7D1A5}"
EndProject
Project("{9A19103F-16F7-4668-BE54-9A1E7A4F7556}") = "ClassMetotDemo", "ClassMetotDemo\ClassMetotDemo.csproj", "{6DC11A4B-07C0-4740-AFBE-E9989734F9FE}"
EndProject
Project("{9A19103F-16F7-4668-BE54-9A1E7A4F7556}") = "OOP1", "OOP1\OOP1.csproj", "{0EDF6A8D-B87B-4386-AC14-1FCCD2AE5AFE}"
EndProject
Project("{9A19103F-16F7-4668-BE54-9A1E7A4F7556}") = "Koleksiyonlar", "Koleksiyonlar\Koleksiyonlar.csproj", "{74A722BB-99B2-4C5F-A0B6-1ED1967994A3}"
EndProject
Project("{9A19103F-16F7-4668-BE54-9A1E7A4F7556}") = "GenericsIntro", "GenericsIntro\GenericsIntro.csproj", "{5000525F-8E66-4F81-9EC5-B4C7F1F0A58A}"
EndProject
Project("{9A19103F-16F7-4668-BE54-9A1E7A4F7556}") = "Gun4Odev1ReferansTypes", "Gun4Odev1ReferansTypes\Gun4Odev1ReferansTypes.csproj", "{931CC2AE-3729-4B3C-8BF1-1E70B01CCD53}"
EndProject
Project("{9A19103F-16F7-4668-BE54-9A1E7A4F7556}") = "Gun4Odev2Constructors", "Gun4Odev2Constructors\Gun4Odev2Constructors.csproj", "{F38B0534-26C4-4A9E-A345-356648190F52}"
EndProject
Project("{9A19103F-16F7-4668-BE54-9A1E7A4F7556}") = "Gun4Odev3Generics", "Gun4Odev3Generics\Gun4Odev3Generics.csproj", "{C87214BE-629A-4D20-B56C-CC31ADC27E93}"
EndProject
Project("{9A19103F-16F7-4668-BE54-9A1E7A4F7556}") = "OOP2", "OOP2\OOP2.csproj", "{9CCD4177-8113-4A35-AAD0-50617CA11D30}"
EndProject
Project("{9A19103F-16F7-4668-BE54-9A1E7A4F7556}") = "OOP3", "OOP3\OOP3.csproj", "{C0686F8A-0994-45D0-ACB0-D8812721F77E}"
EndProject
Project("{9A19103F-16F7-4668-BE54-9A1E7A4F7556}") = "Gun4Odev4Dictionary", "Gun4Odev4Dictionary\Gun4Odev4Dictionary.csproj", "{29D1F151-384D-4401-A602-B66E886073DA}"
EndProject
Project("{9A19103F-16F7-4668-BE54-9A1E7A4F7556}") = "Gun5_1Classes", "Gun5_1Classes\Gun5_1Classes.csproj", "{3B92502B-F5B1-4F57-92A3-1C1FC9E835D7}"
EndProject
Project("{FAE04EC0-301F-11D3-BF4B-00C04F79EFBC}") = "Gun5_2_RecapDemo", "Gun5_2_RecapDemo\Gun5_2_RecapDemo.csproj", "{4C990609-0A15-405E-AE23-F492B9D55D3A}"
EndProject
Project("{9A19103F-16F7-4668-BE54-9A1E7A4F7556}") = "Gun5_3_Interfaces", "Gun5_3_Interfaces\Gun5_3_Interfaces.csproj", "{AEBCECEF-352E-4EDA-8721-29370C74FD81}"
EndProject
Project("{9A19103F-16F7-4668-BE54-9A1E7A4F7556}") = "Gun5_4_InterfacesDemo", "Gun5_4_InterfacesDemo\Gun5_4_InterfacesDemo.csproj", "{14DF884C-6281-482C-B349-3DE7FED87C99}"
EndProject
Project("{9A19103F-16F7-4668-BE54-9A1E7A4F7556}") = "Gun5_5_Inheritance", "Gun5_5_Inheritance\Gun5_5_Inheritance.csproj", "{DA00952E-E400-4E81-8318-52C861E4A9AB}"
EndProject
Project("{9A19103F-16F7-4668-BE54-9A1E7A4F7556}") = "Gun5_6_Interfaces2", "Gun5_6_Interfaces2\Gun5_6_Interfaces2.csproj", "{6000AEEE-4A40-4E2C-92FB-3244374EB481}"
EndProject
Project("{9A19103F-16F7-4668-BE54-9A1E7A4F7556}") = "Gun5_7_InterfaceAbstractDemo", "Gun5_7_InterfaceAbstractDemo\Gun5_7_InterfaceAbstractDemo.csproj", "{92DF52D0-D4B1-449D-8EB8-698A9F9FA543}"
EndProject
Project("{FAE04EC0-301F-11D3-BF4B-00C04F79EFBC}") = "InterfaceAndAbstractDemo", "InterfaceAndAbstractDemo-master\InterfaceAndAbstractDemo\InterfaceAndAbstractDemo.csproj", "{D5F15656-2F7F-41DE-9D03-624F2C9D9C63}"
EndProject
Project("{FAE04EC0-301F-11D3-BF4B-00C04F79EFBC}") = "GameProject", "GameProject\GameProject.csproj", "{379E796D-BABB-464F-A519-52101C1F4C03}"
EndProject
Global
	GlobalSection(SolutionConfigurationPlatforms) = preSolution
		Debug|Any CPU = Debug|Any CPU
		Release|Any CPU = Release|Any CPU
	EndGlobalSection
	GlobalSection(ProjectConfigurationPlatforms) = postSolution
		{20817338-4FB8-4D8D-B74B-0515BD07B08E}.Debug|Any CPU.ActiveCfg = Debug|Any CPU
		{20817338-4FB8-4D8D-B74B-0515BD07B08E}.Debug|Any CPU.Build.0 = Debug|Any CPU
		{20817338-4FB8-4D8D-B74B-0515BD07B08E}.Release|Any CPU.ActiveCfg = Release|Any CPU
		{20817338-4FB8-4D8D-B74B-0515BD07B08E}.Release|Any CPU.Build.0 = Release|Any CPU
		{891AD020-0D9D-4CDB-97A2-345E10ED31AF}.Debug|Any CPU.ActiveCfg = Debug|Any CPU
		{891AD020-0D9D-4CDB-97A2-345E10ED31AF}.Debug|Any CPU.Build.0 = Debug|Any CPU
		{891AD020-0D9D-4CDB-97A2-345E10ED31AF}.Release|Any CPU.ActiveCfg = Release|Any CPU
		{891AD020-0D9D-4CDB-97A2-345E10ED31AF}.Release|Any CPU.Build.0 = Release|Any CPU
		{861205DF-A3AA-4A50-B5EF-5F084E3C5375}.Debug|Any CPU.ActiveCfg = Debug|Any CPU
		{861205DF-A3AA-4A50-B5EF-5F084E3C5375}.Debug|Any CPU.Build.0 = Debug|Any CPU
		{861205DF-A3AA-4A50-B5EF-5F084E3C5375}.Release|Any CPU.ActiveCfg = Release|Any CPU
		{861205DF-A3AA-4A50-B5EF-5F084E3C5375}.Release|Any CPU.Build.0 = Release|Any CPU
		{CBA36F65-6140-4A5F-B4DD-681285E14366}.Debug|Any CPU.ActiveCfg = Debug|Any CPU
		{CBA36F65-6140-4A5F-B4DD-681285E14366}.Debug|Any CPU.Build.0 = Debug|Any CPU
		{CBA36F65-6140-4A5F-B4DD-681285E14366}.Release|Any CPU.ActiveCfg = Release|Any CPU
		{CBA36F65-6140-4A5F-B4DD-681285E14366}.Release|Any CPU.Build.0 = Release|Any CPU
		{38090748-148C-4134-9FD3-E427D64AA5B4}.Debug|Any CPU.ActiveCfg = Debug|Any CPU
		{38090748-148C-4134-9FD3-E427D64AA5B4}.Debug|Any CPU.Build.0 = Debug|Any CPU
		{38090748-148C-4134-9FD3-E427D64AA5B4}.Release|Any CPU.ActiveCfg = Release|Any CPU
		{38090748-148C-4134-9FD3-E427D64AA5B4}.Release|Any CPU.Build.0 = Release|Any CPU
		{A416C177-9E7E-489A-B0B7-7F26881747E9}.Debug|Any CPU.ActiveCfg = Debug|Any CPU
		{A416C177-9E7E-489A-B0B7-7F26881747E9}.Debug|Any CPU.Build.0 = Debug|Any CPU
		{A416C177-9E7E-489A-B0B7-7F26881747E9}.Release|Any CPU.ActiveCfg = Release|Any CPU
		{A416C177-9E7E-489A-B0B7-7F26881747E9}.Release|Any CPU.Build.0 = Release|Any CPU
		{1275BBDC-655E-4D30-9C15-15DEBE47D394}.Debug|Any CPU.ActiveCfg = Debug|Any CPU
		{1275BBDC-655E-4D30-9C15-15DEBE47D394}.Debug|Any CPU.Build.0 = Debug|Any CPU
		{1275BBDC-655E-4D30-9C15-15DEBE47D394}.Release|Any CPU.ActiveCfg = Release|Any CPU
		{1275BBDC-655E-4D30-9C15-15DEBE47D394}.Release|Any CPU.Build.0 = Release|Any CPU
		{C8CC8C2C-1EA5-4B26-BD5D-24C07E6C284D}.Debug|Any CPU.ActiveCfg = Debug|Any CPU
		{C8CC8C2C-1EA5-4B26-BD5D-24C07E6C284D}.Debug|Any CPU.Build.0 = Debug|Any CPU
		{C8CC8C2C-1EA5-4B26-BD5D-24C07E6C284D}.Release|Any CPU.ActiveCfg = Release|Any CPU
		{C8CC8C2C-1EA5-4B26-BD5D-24C07E6C284D}.Release|Any CPU.Build.0 = Release|Any CPU
		{11CDF163-3B7A-4B7D-9E6D-877C4CD7D1A5}.Debug|Any CPU.ActiveCfg = Debug|Any CPU
		{11CDF163-3B7A-4B7D-9E6D-877C4CD7D1A5}.Debug|Any CPU.Build.0 = Debug|Any CPU
		{11CDF163-3B7A-4B7D-9E6D-877C4CD7D1A5}.Release|Any CPU.ActiveCfg = Release|Any CPU
		{11CDF163-3B7A-4B7D-9E6D-877C4CD7D1A5}.Release|Any CPU.Build.0 = Release|Any CPU
		{6DC11A4B-07C0-4740-AFBE-E9989734F9FE}.Debug|Any CPU.ActiveCfg = Debug|Any CPU
		{6DC11A4B-07C0-4740-AFBE-E9989734F9FE}.Debug|Any CPU.Build.0 = Debug|Any CPU
		{6DC11A4B-07C0-4740-AFBE-E9989734F9FE}.Release|Any CPU.ActiveCfg = Release|Any CPU
		{6DC11A4B-07C0-4740-AFBE-E9989734F9FE}.Release|Any CPU.Build.0 = Release|Any CPU
		{0EDF6A8D-B87B-4386-AC14-1FCCD2AE5AFE}.Debug|Any CPU.ActiveCfg = Debug|Any CPU
		{0EDF6A8D-B87B-4386-AC14-1FCCD2AE5AFE}.Debug|Any CPU.Build.0 = Debug|Any CPU
		{0EDF6A8D-B87B-4386-AC14-1FCCD2AE5AFE}.Release|Any CPU.ActiveCfg = Release|Any CPU
		{0EDF6A8D-B87B-4386-AC14-1FCCD2AE5AFE}.Release|Any CPU.Build.0 = Release|Any CPU
		{74A722BB-99B2-4C5F-A0B6-1ED1967994A3}.Debug|Any CPU.ActiveCfg = Debug|Any CPU
		{74A722BB-99B2-4C5F-A0B6-1ED1967994A3}.Debug|Any CPU.Build.0 = Debug|Any CPU
		{74A722BB-99B2-4C5F-A0B6-1ED1967994A3}.Release|Any CPU.ActiveCfg = Release|Any CPU
		{74A722BB-99B2-4C5F-A0B6-1ED1967994A3}.Release|Any CPU.Build.0 = Release|Any CPU
		{5000525F-8E66-4F81-9EC5-B4C7F1F0A58A}.Debug|Any CPU.ActiveCfg = Debug|Any CPU
		{5000525F-8E66-4F81-9EC5-B4C7F1F0A58A}.Debug|Any CPU.Build.0 = Debug|Any CPU
		{5000525F-8E66-4F81-9EC5-B4C7F1F0A58A}.Release|Any CPU.ActiveCfg = Release|Any CPU
		{5000525F-8E66-4F81-9EC5-B4C7F1F0A58A}.Release|Any CPU.Build.0 = Release|Any CPU
		{931CC2AE-3729-4B3C-8BF1-1E70B01CCD53}.Debug|Any CPU.ActiveCfg = Debug|Any CPU
		{931CC2AE-3729-4B3C-8BF1-1E70B01CCD53}.Debug|Any CPU.Build.0 = Debug|Any CPU
		{931CC2AE-3729-4B3C-8BF1-1E70B01CCD53}.Release|Any CPU.ActiveCfg = Release|Any CPU
		{931CC2AE-3729-4B3C-8BF1-1E70B01CCD53}.Release|Any CPU.Build.0 = Release|Any CPU
		{F38B0534-26C4-4A9E-A345-356648190F52}.Debug|Any CPU.ActiveCfg = Debug|Any CPU
		{F38B0534-26C4-4A9E-A345-356648190F52}.Debug|Any CPU.Build.0 = Debug|Any CPU
		{F38B0534-26C4-4A9E-A345-356648190F52}.Release|Any CPU.ActiveCfg = Release|Any CPU
		{F38B0534-26C4-4A9E-A345-356648190F52}.Release|Any CPU.Build.0 = Release|Any CPU
		{C87214BE-629A-4D20-B56C-CC31ADC27E93}.Debug|Any CPU.ActiveCfg = Debug|Any CPU
		{C87214BE-629A-4D20-B56C-CC31ADC27E93}.Debug|Any CPU.Build.0 = Debug|Any CPU
		{C87214BE-629A-4D20-B56C-CC31ADC27E93}.Release|Any CPU.ActiveCfg = Release|Any CPU
		{C87214BE-629A-4D20-B56C-CC31ADC27E93}.Release|Any CPU.Build.0 = Release|Any CPU
		{9CCD4177-8113-4A35-AAD0-50617CA11D30}.Debug|Any CPU.ActiveCfg = Debug|Any CPU
		{9CCD4177-8113-4A35-AAD0-50617CA11D30}.Debug|Any CPU.Build.0 = Debug|Any CPU
		{9CCD4177-8113-4A35-AAD0-50617CA11D30}.Release|Any CPU.ActiveCfg = Release|Any CPU
		{9CCD4177-8113-4A35-AAD0-50617CA11D30}.Release|Any CPU.Build.0 = Release|Any CPU
		{C0686F8A-0994-45D0-ACB0-D8812721F77E}.Debug|Any CPU.ActiveCfg = Debug|Any CPU
		{C0686F8A-0994-45D0-ACB0-D8812721F77E}.Debug|Any CPU.Build.0 = Debug|Any CPU
		{C0686F8A-0994-45D0-ACB0-D8812721F77E}.Release|Any CPU.ActiveCfg = Release|Any CPU
		{C0686F8A-0994-45D0-ACB0-D8812721F77E}.Release|Any CPU.Build.0 = Release|Any CPU
		{29D1F151-384D-4401-A602-B66E886073DA}.Debug|Any CPU.ActiveCfg = Debug|Any CPU
		{29D1F151-384D-4401-A602-B66E886073DA}.Debug|Any CPU.Build.0 = Debug|Any CPU
		{29D1F151-384D-4401-A602-B66E886073DA}.Release|Any CPU.ActiveCfg = Release|Any CPU
		{29D1F151-384D-4401-A602-B66E886073DA}.Release|Any CPU.Build.0 = Release|Any CPU
		{3B92502B-F5B1-4F57-92A3-1C1FC9E835D7}.Debug|Any CPU.ActiveCfg = Debug|Any CPU
		{3B92502B-F5B1-4F57-92A3-1C1FC9E835D7}.Debug|Any CPU.Build.0 = Debug|Any CPU
		{3B92502B-F5B1-4F57-92A3-1C1FC9E835D7}.Release|Any CPU.ActiveCfg = Release|Any CPU
		{3B92502B-F5B1-4F57-92A3-1C1FC9E835D7}.Release|Any CPU.Build.0 = Release|Any CPU
		{4C990609-0A15-405E-AE23-F492B9D55D3A}.Debug|Any CPU.ActiveCfg = Debug|Any CPU
		{4C990609-0A15-405E-AE23-F492B9D55D3A}.Debug|Any CPU.Build.0 = Debug|Any CPU
		{4C990609-0A15-405E-AE23-F492B9D55D3A}.Release|Any CPU.ActiveCfg = Release|Any CPU
		{4C990609-0A15-405E-AE23-F492B9D55D3A}.Release|Any CPU.Build.0 = Release|Any CPU
		{AEBCECEF-352E-4EDA-8721-29370C74FD81}.Debug|Any CPU.ActiveCfg = Debug|Any CPU
		{AEBCECEF-352E-4EDA-8721-29370C74FD81}.Debug|Any CPU.Build.0 = Debug|Any CPU
		{AEBCECEF-352E-4EDA-8721-29370C74FD81}.Release|Any CPU.ActiveCfg = Release|Any CPU
		{AEBCECEF-352E-4EDA-8721-29370C74FD81}.Release|Any CPU.Build.0 = Release|Any CPU
		{14DF884C-6281-482C-B349-3DE7FED87C99}.Debug|Any CPU.ActiveCfg = Debug|Any CPU
		{14DF884C-6281-482C-B349-3DE7FED87C99}.Debug|Any CPU.Build.0 = Debug|Any CPU
		{14DF884C-6281-482C-B349-3DE7FED87C99}.Release|Any CPU.ActiveCfg = Release|Any CPU
		{14DF884C-6281-482C-B349-3DE7FED87C99}.Release|Any CPU.Build.0 = Release|Any CPU
		{DA00952E-E400-4E81-8318-52C861E4A9AB}.Debug|Any CPU.ActiveCfg = Debug|Any CPU
		{DA00952E-E400-4E81-8318-52C861E4A9AB}.Debug|Any CPU.Build.0 = Debug|Any CPU
		{DA00952E-E400-4E81-8318-52C861E4A9AB}.Release|Any CPU.ActiveCfg = Release|Any CPU
		{DA00952E-E400-4E81-8318-52C861E4A9AB}.Release|Any CPU.Build.0 = Release|Any CPU
		{6000AEEE-4A40-4E2C-92FB-3244374EB481}.Debug|Any CPU.ActiveCfg = Debug|Any CPU
		{6000AEEE-4A40-4E2C-92FB-3244374EB481}.Debug|Any CPU.Build.0 = Debug|Any CPU
		{6000AEEE-4A40-4E2C-92FB-3244374EB481}.Release|Any CPU.ActiveCfg = Release|Any CPU
		{6000AEEE-4A40-4E2C-92FB-3244374EB481}.Release|Any CPU.Build.0 = Release|Any CPU
		{92DF52D0-D4B1-449D-8EB8-698A9F9FA543}.Debug|Any CPU.ActiveCfg = Debug|Any CPU
		{92DF52D0-D4B1-449D-8EB8-698A9F9FA543}.Debug|Any CPU.Build.0 = Debug|Any CPU
		{92DF52D0-D4B1-449D-8EB8-698A9F9FA543}.Release|Any CPU.ActiveCfg = Release|Any CPU
		{92DF52D0-D4B1-449D-8EB8-698A9F9FA543}.Release|Any CPU.Build.0 = Release|Any CPU
		{D5F15656-2F7F-41DE-9D03-624F2C9D9C63}.Debug|Any CPU.ActiveCfg = Debug|Any CPU
		{D5F15656-2F7F-41DE-9D03-624F2C9D9C63}.Debug|Any CPU.Build.0 = Debug|Any CPU
		{D5F15656-2F7F-41DE-9D03-624F2C9D9C63}.Release|Any CPU.ActiveCfg = Release|Any CPU
		{D5F15656-2F7F-41DE-9D03-624F2C9D9C63}.Release|Any CPU.Build.0 = Release|Any CPU
		{379E796D-BABB-464F-A519-52101C1F4C03}.Debug|Any CPU.ActiveCfg = Debug|Any CPU
		{379E796D-BABB-464F-A519-52101C1F4C03}.Debug|Any CPU.Build.0 = Debug|Any CPU
		{379E796D-BABB-464F-A519-52101C1F4C03}.Release|Any CPU.ActiveCfg = Release|Any CPU
		{379E796D-BABB-464F-A519-52101C1F4C03}.Release|Any CPU.Build.0 = Release|Any CPU
	EndGlobalSection
	GlobalSection(SolutionProperties) = preSolution
		HideSolutionNode = FALSE
	EndGlobalSection
	GlobalSection(ExtensibilityGlobals) = postSolution
		SolutionGuid = {A96ACF02-4040-4407-94CA-50F6ACD08046}
	EndGlobalSection
EndGlobal
